// !$*UTF8*$!
{
	archiveVersion = 1;
	classes = {
	};
	objectVersion = 46;
	objects = {

/* Begin PBXBuildFile section */
		010B928E1D10244300ECC34D /* AppDelegate.swift in Sources */ = {isa = PBXBuildFile; fileRef = 010B928D1D10244300ECC34D /* AppDelegate.swift */; };
		010B92901D10244300ECC34D /* ViewController.swift in Sources */ = {isa = PBXBuildFile; fileRef = 010B928F1D10244300ECC34D /* ViewController.swift */; };
		010B92931D10244300ECC34D /* Main.storyboard in Resources */ = {isa = PBXBuildFile; fileRef = 010B92911D10244300ECC34D /* Main.storyboard */; };
		010B92951D10244300ECC34D /* Assets.xcassets in Resources */ = {isa = PBXBuildFile; fileRef = 010B92941D10244300ECC34D /* Assets.xcassets */; };
		010B92981D10244300ECC34D /* LaunchScreen.storyboard in Resources */ = {isa = PBXBuildFile; fileRef = 010B92961D10244300ECC34D /* LaunchScreen.storyboard */; };
		010B92A01D10263600ECC34D /* Osc.swift in Sources */ = {isa = PBXBuildFile; fileRef = 010B929F1D10263600ECC34D /* Osc.swift */; };
/* End PBXBuildFile section */

/* Begin PBXFileReference section */
		010B928A1D10244300ECC34D /* OscDemo.app */ = {isa = PBXFileReference; explicitFileType = wrapper.application; includeInIndex = 0; path = OscDemo.app; sourceTree = BUILT_PRODUCTS_DIR; };
		010B928D1D10244300ECC34D /* AppDelegate.swift */ = {isa = PBXFileReference; lastKnownFileType = sourcecode.swift; path = AppDelegate.swift; sourceTree = "<group>"; };
		010B928F1D10244300ECC34D /* ViewController.swift */ = {isa = PBXFileReference; lastKnownFileType = sourcecode.swift; path = ViewController.swift; sourceTree = "<group>"; };
		010B92921D10244300ECC34D /* Base */ = {isa = PBXFileReference; lastKnownFileType = file.storyboard; name = Base; path = Base.lproj/Main.storyboard; sourceTree = "<group>"; };
		010B92941D10244300ECC34D /* Assets.xcassets */ = {isa = PBXFileReference; lastKnownFileType = folder.assetcatalog; path = Assets.xcassets; sourceTree = "<group>"; };
		010B92971D10244300ECC34D /* Base */ = {isa = PBXFileReference; lastKnownFileType = file.storyboard; name = Base; path = Base.lproj/LaunchScreen.storyboard; sourceTree = "<group>"; };
		010B92991D10244300ECC34D /* Info.plist */ = {isa = PBXFileReference; lastKnownFileType = text.plist.xml; path = Info.plist; sourceTree = "<group>"; };
		010B929F1D10263600ECC34D /* Osc.swift */ = {isa = PBXFileReference; fileEncoding = 4; lastKnownFileType = sourcecode.swift; path = Osc.swift; sourceTree = "<group>"; };
/* End PBXFileReference section */

/* Begin PBXFrameworksBuildPhase section */
		010B92871D10244300ECC34D /* Frameworks */ = {
			isa = PBXFrameworksBuildPhase;
			buildActionMask = 2147483647;
			files = (
			);
			runOnlyForDeploymentPostprocessing = 0;
		};
/* End PBXFrameworksBuildPhase section */

/* Begin PBXGroup section */
		010B92811D10244300ECC34D = {
			isa = PBXGroup;
			children = (
				010B928C1D10244300ECC34D /* OscDemo */,
				010B928B1D10244300ECC34D /* Products */,
			);
			sourceTree = "<group>";
		};
		010B928B1D10244300ECC34D /* Products */ = {
			isa = PBXGroup;
			children = (
				010B928A1D10244300ECC34D /* OscDemo.app */,
			);
			name = Products;
			sourceTree = "<group>";
		};
		010B928C1D10244300ECC34D /* OscDemo */ = {
			isa = PBXGroup;
			children = (
				010B928D1D10244300ECC34D /* AppDelegate.swift */,
				010B928F1D10244300ECC34D /* ViewController.swift */,
				010B929F1D10263600ECC34D /* Osc.swift */,
				010B92911D10244300ECC34D /* Main.storyboard */,
				010B92941D10244300ECC34D /* Assets.xcassets */,
				010B92961D10244300ECC34D /* LaunchScreen.storyboard */,
				010B92991D10244300ECC34D /* Info.plist */,
			);
			path = OscDemo;
			sourceTree = "<group>";
		};
/* End PBXGroup section */

/* Begin PBXNativeTarget section */
		010B92891D10244300ECC34D /* OscDemo */ = {
			isa = PBXNativeTarget;
			buildConfigurationList = 010B929C1D10244300ECC34D /* Build configuration list for PBXNativeTarget "OscDemo" */;
			buildPhases = (
				010B92861D10244300ECC34D /* Sources */,
				010B92871D10244300ECC34D /* Frameworks */,
				010B92881D10244300ECC34D /* Resources */,
			);
			buildRules = (
			);
			dependencies = (
			);
			name = OscDemo;
			productName = OscDemo;
			productReference = 010B928A1D10244300ECC34D /* OscDemo.app */;
			productType = "com.apple.product-type.application";
		};
/* End PBXNativeTarget section */

/* Begin PBXProject section */
		010B92821D10244300ECC34D /* Project object */ = {
			isa = PBXProject;
			attributes = {
				LastSwiftUpdateCheck = 0730;
				LastUpgradeCheck = 0730;
				ORGANIZATIONNAME = ai;
				TargetAttributes = {
					010B92891D10244300ECC34D = {
						CreatedOnToolsVersion = 7.3.1;
					};
				};
			};
			buildConfigurationList = 010B92851D10244300ECC34D /* Build configuration list for PBXProject "OscDemo" */;
			compatibilityVersion = "Xcode 3.2";
			developmentRegion = English;
			hasScannedForEncodings = 0;
			knownRegions = (
				en,
				Base,
			);
			mainGroup = 010B92811D10244300ECC34D;
			productRefGroup = 010B928B1D10244300ECC34D /* Products */;
			projectDirPath = "";
			projectRoot = "";
			targets = (
				010B92891D10244300ECC34D /* OscDemo */,
			);
		};
/* End PBXProject section */

/* Begin PBXResourcesBuildPhase section */
		010B92881D10244300ECC34D /* Resources */ = {
			isa = PBXResourcesBuildPhase;
			buildActionMask = 2147483647;
			files = (
				010B92981D10244300ECC34D /* LaunchScreen.storyboard in Resources */,
				010B92951D10244300ECC34D /* Assets.xcassets in Resources */,
				010B92931D10244300ECC34D /* Main.storyboard in Resources */,
			);
			runOnlyForDeploymentPostprocessing = 0;
		};
/* End PBXResourcesBuildPhase section */

/* Begin PBXSourcesBuildPhase section */
		010B92861D10244300ECC34D /* Sources */ = {
			isa = PBXSourcesBuildPhase;
			buildActionMask = 2147483647;
			files = (
				010B92901D10244300ECC34D /* ViewController.swift in Sources */,
				010B928E1D10244300ECC34D /* AppDelegate.swift in Sources */,
				010B92A01D10263600ECC34D /* Osc.swift in Sources */,
			);
			runOnlyForDeploymentPostprocessing = 0;
		};
/* End PBXSourcesBuildPhase section */

/* Begin PBXVariantGroup section */
		010B92911D10244300ECC34D /* Main.storyboard */ = {
			isa = PBXVariantGroup;
			children = (
				010B92921D10244300ECC34D /* Base */,
			);
			name = Main.storyboard;
			sourceTree = "<group>";
		};
		010B92961D10244300ECC34D /* LaunchScreen.storyboard */ = {
			isa = PBXVariantGroup;
			children = (
				010B92971D10244300ECC34D /* Base */,
			);
			name = LaunchScreen.storyboard;
			sourceTree = "<group>";
		};
/* End PBXVariantGroup section */

/* Begin XCBuildConfiguration section */
		010B929A1D10244300ECC34D /* Debug */ = {
			isa = XCBuildConfiguration;
			buildSettings = {
				ALWAYS_SEARCH_USER_PATHS = NO;
				CLANG_ANALYZER_NONNULL = YES;
				CLANG_CXX_LANGUAGE_STANDARD = "gnu++0x";
				CLANG_CXX_LIBRARY = "libc++";
				CLANG_ENABLE_MODULES = YES;
				CLANG_ENABLE_OBJC_ARC = YES;
				CLANG_WARN_BOOL_CONVERSION = YES;
				CLANG_WARN_CONSTANT_CONVERSION = YES;
				CLANG_WARN_DIRECT_OBJC_ISA_USAGE = YES_ERROR;
				CLANG_WARN_EMPTY_BODY = YES;
				CLANG_WARN_ENUM_CONVERSION = YES;
				CLANG_WARN_INT_CONVERSION = YES;
				CLANG_WARN_OBJC_ROOT_CLASS = YES_ERROR;
				CLANG_WARN_UNREACHABLE_CODE = YES;
				CLANG_WARN__DUPLICATE_METHOD_MATCH = YES;
				"CODE_SIGN_IDENTITY[sdk=iphoneos*]" = "iPhone Developer";
				COPY_PHASE_STRIP = NO;
				DEBUG_INFORMATION_FORMAT = dwarf;
				ENABLE_STRICT_OBJC_MSGSEND = YES;
				ENABLE_TESTABILITY = YES;
				GCC_C_LANGUAGE_STANDARD = gnu99;
				GCC_DYNAMIC_NO_PIC = NO;
				GCC_NO_COMMON_BLOCKS = YES;
				GCC_OPTIMIZATION_LEVEL = 0;
				GCC_PREPROCESSOR_DEFINITIONS = (
					"DEBUG=1",
					"$(inherited)",
				);
				GCC_WARN_64_TO_32_BIT_CONVERSION = YES;
				GCC_WARN_ABOUT_RETURN_TYPE = YES_ERROR;
				GCC_WARN_UNDECLARED_SELECTOR = YES;
				GCC_WARN_UNINITIALIZED_AUTOS = YES_AGGRESSIVE;
				GCC_WARN_UNUSED_FUNCTION = YES;
				GCC_WARN_UNUSED_VARIABLE = YES;
				IPHONEOS_DEPLOYMENT_TARGET = 9.3;
				MTL_ENABLE_DEBUG_INFO = YES;
				ONLY_ACTIVE_ARCH = YES;
				SDKROOT = iphoneos;
				SWIFT_OPTIMIZATION_LEVEL = "-Onone";
			};
			name = Debug;
		};
		010B929B1D10244300ECC34D /* Release */ = {
			isa = XCBuildConfiguration;
			buildSettings = {
				ALWAYS_SEARCH_USER_PATHS = NO;
				CLANG_ANALYZER_NONNULL = YES;
				CLANG_CXX_LANGUAGE_STANDARD = "gnu++0x";
				CLANG_CXX_LIBRARY = "libc++";
				CLANG_ENABLE_MODULES = YES;
				CLANG_ENABLE_OBJC_ARC = YES;
				CLANG_WARN_BOOL_CONVERSION = YES;
				CLANG_WARN_CONSTANT_CONVERSION = YES;
				CLANG_WARN_DIRECT_OBJC_ISA_USAGE = YES_ERROR;
				CLANG_WARN_EMPTY_BODY = YES;
				CLANG_WARN_ENUM_CONVERSION = YES;
				CLANG_WARN_INT_CONVERSION = YES;
				CLANG_WARN_OBJC_ROOT_CLASS = YES_ERROR;
				CLANG_WARN_UNREACHABLE_CODE = YES;
				CLANG_WARN__DUPLICATE_METHOD_MATCH = YES;
				"CODE_SIGN_IDENTITY[sdk=iphoneos*]" = "iPhone Developer";
				COPY_PHASE_STRIP = NO;
				DEBUG_INFORMATION_FORMAT = "dwarf-with-dsym";
				ENABLE_NS_ASSERTIONS = NO;
				ENABLE_STRICT_OBJC_MSGSEND = YES;
				GCC_C_LANGUAGE_STANDARD = gnu99;
				GCC_NO_COMMON_BLOCKS = YES;
				GCC_WARN_64_TO_32_BIT_CONVERSION = YES;
				GCC_WARN_ABOUT_RETURN_TYPE = YES_ERROR;
				GCC_WARN_UNDECLARED_SELECTOR = YES;
				GCC_WARN_UNINITIALIZED_AUTOS = YES_AGGRESSIVE;
				GCC_WARN_UNUSED_FUNCTION = YES;
				GCC_WARN_UNUSED_VARIABLE = YES;
				IPHONEOS_DEPLOYMENT_TARGET = 9.3;
				MTL_ENABLE_DEBUG_INFO = NO;
				SDKROOT = iphoneos;
				VALIDATE_PRODUCT = YES;
			};
			name = Release;
		};
		010B929D1D10244300ECC34D /* Debug */ = {
			isa = XCBuildConfiguration;
			buildSettings = {
				ASSETCATALOG_COMPILER_APPICON_NAME = AppIcon;
				INFOPLIST_FILE = OscDemo/Info.plist;
				LD_RUNPATH_SEARCH_PATHS = "$(inherited) @executable_path/Frameworks";
				PRODUCT_BUNDLE_IDENTIFIER = net.aikelab.OscDemo;
				PRODUCT_NAME = "$(TARGET_NAME)";
			};
			name = Debug;
		};
		010B929E1D10244300ECC34D /* Release */ = {
			isa = XCBuildConfiguration;
			buildSettings = {
				ASSETCATALOG_COMPILER_APPICON_NAME = AppIcon;
				INFOPLIST_FILE = OscDemo/Info.plist;
				LD_RUNPATH_SEARCH_PATHS = "$(inherited) @executable_path/Frameworks";
				PRODUCT_BUNDLE_IDENTIFIER = net.aikelab.OscDemo;
				PRODUCT_NAME = "$(TARGET_NAME)";
			};
			name = Release;
		};
/* End XCBuildConfiguration section */

/* Begin XCConfigurationList section */
		010B92851D10244300ECC34D /* Build configuration list for PBXProject "OscDemo" */ = {
			isa = XCConfigurationList;
			buildConfigurations = (
				010B929A1D10244300ECC34D /* Debug */,
				010B929B1D10244300ECC34D /* Release */,
			);
			defaultConfigurationIsVisible = 0;
			defaultConfigurationName = Release;
		};
		010B929C1D10244300ECC34D /* Build configuration list for PBXNativeTarget "OscDemo" */ = {
			isa = XCConfigurationList;
			buildConfigurations = (
				010B929D1D10244300ECC34D /* Debug */,
				010B929E1D10244300ECC34D /* Release */,
			);
			defaultConfigurationIsVisible = 0;
		};
/* End XCConfigurationList section */
	};
	rootObject = 010B92821D10244300ECC34D /* Project object */;
}
